
Microsoft Visual Studio Solution File, Format Version 12.00
# Visual Studio Version 17
VisualStudioVersion = 17.3.32922.545
MinimumVisualStudioVersion = 10.0.40219.1
Project("{FAE04EC0-301F-11D3-BF4B-00C04F79EFBC}") = "mikroprocesor_v2", "mikroprocesor_v2\mikroprocesor_v2.csproj", "{96C8B0CC-107A-4893-81E4-118A233B938C}"
EndProject
Global
	GlobalSection(SolutionConfigurationPlatforms) = preSolution
		Debug|Any CPU = Debug|Any CPU
		Release|Any CPU = Release|Any CPU
	EndGlobalSection
	GlobalSection(ProjectConfigurationPlatforms) = postSolution
		{96C8B0CC-107A-4893-81E4-118A233B938C}.Debug|Any CPU.ActiveCfg = Debug|Any CPU
		{96C8B0CC-107A-4893-81E4-118A233B938C}.Debug|Any CPU.Build.0 = Debug|Any CPU
		{96C8B0CC-107A-4893-81E4-118A233B938C}.Release|Any CPU.ActiveCfg = Release|Any CPU
		{96C8B0CC-107A-4893-81E4-118A233B938C}.Release|Any CPU.Build.0 = Release|Any CPU
	EndGlobalSection
	GlobalSection(SolutionProperties) = preSolution
		HideSolutionNode = FALSE
	EndGlobalSection
	GlobalSection(ExtensibilityGlobals) = postSolution
		SolutionGuid = {8B5AE00F-31F5-423E-9BA1-1902BC10043D}
	EndGlobalSection
EndGlobal
